
Microsoft Visual Studio Solution File, Format Version 12.00
# Visual Studio Version 17
VisualStudioVersion = 17.11.35327.3
MinimumVisualStudioVersion = 10.0.40219.1
Project("{F184B08F-C81C-45F6-A57F-5ABD9991F28F}") = "checkOddEvenNumbers", "checkOddEvenNumbers\checkOddEvenNumbers.vbproj", "{A6176646-477B-4B01-B997-18B578F66F70}"
EndProject
Global
	GlobalSection(SolutionConfigurationPlatforms) = preSolution
		Debug|Any CPU = Debug|Any CPU
		Release|Any CPU = Release|Any CPU
	EndGlobalSection
	GlobalSection(ProjectConfigurationPlatforms) = postSolution
		{A6176646-477B-4B01-B997-18B578F66F70}.Debug|Any CPU.ActiveCfg = Debug|Any CPU
		{A6176646-477B-4B01-B997-18B578F66F70}.Debug|Any CPU.Build.0 = Debug|Any CPU
		{A6176646-477B-4B01-B997-18B578F66F70}.Release|Any CPU.ActiveCfg = Release|Any CPU
		{A6176646-477B-4B01-B997-18B578F66F70}.Release|Any CPU.Build.0 = Release|Any CPU
	EndGlobalSection
	GlobalSection(SolutionProperties) = preSolution
		HideSolutionNode = FALSE
	EndGlobalSection
	GlobalSection(ExtensibilityGlobals) = postSolution
		SolutionGuid = {874575CC-632F-4ED4-BF71-8A6583CD60D8}
	EndGlobalSection
EndGlobal
